
Microsoft Visual Studio Solution File, Format Version 12.00
# Visual Studio Version 16
VisualStudioVersion = 16.0.33214.272
MinimumVisualStudioVersion = 10.0.40219.1
Project("{FAE04EC0-301F-11D3-BF4B-00C04F79EFBC}") = "SpecFlowProject1", "SpecFlowProject1\SpecFlowProject1.csproj", "{C1778F06-C404-49F2-8B57-3F830E69ED2B}"
EndProject
Global
	GlobalSection(SolutionConfigurationPlatforms) = preSolution
		Debug|Any CPU = Debug|Any CPU
		Release|Any CPU = Release|Any CPU
	EndGlobalSection
	GlobalSection(ProjectConfigurationPlatforms) = postSolution
		{C1778F06-C404-49F2-8B57-3F830E69ED2B}.Debug|Any CPU.ActiveCfg = Debug|Any CPU
		{C1778F06-C404-49F2-8B57-3F830E69ED2B}.Debug|Any CPU.Build.0 = Debug|Any CPU
		{C1778F06-C404-49F2-8B57-3F830E69ED2B}.Release|Any CPU.ActiveCfg = Release|Any CPU
		{C1778F06-C404-49F2-8B57-3F830E69ED2B}.Release|Any CPU.Build.0 = Release|Any CPU
	EndGlobalSection
	GlobalSection(SolutionProperties) = preSolution
		HideSolutionNode = FALSE
	EndGlobalSection
	GlobalSection(ExtensibilityGlobals) = postSolution
		SolutionGuid = {230385F6-3416-49A0-A6D9-254B1B6C9C2E}
	EndGlobalSection
EndGlobal
